// !$*UTF8*$!
{
	archiveVersion = 1;
	classes = {
	};
	objectVersion = 54;
	objects = {

/* Begin PBXBuildFile section */
		850C4C492120173A0059A6B0 /* MarkerProcessor.cpp in Sources */ = {isa = PBXBuildFile; fileRef = 850C4C47212017370059A6B0 /* MarkerProcessor.cpp */; };
		850C4C4A2120173A0059A6B0 /* MarkerProcessor.h in Headers */ = {isa = PBXBuildFile; fileRef = 850C4C48212017380059A6B0 /* MarkerProcessor.h */; };
		8535241B212F470100706C88 /* swell-modstub.mm in Sources */ = {isa = PBXBuildFile; fileRef = 8535241A212F470000706C88 /* swell-modstub.mm */; };
		853CB5FB2DB428C800C5A6AF /* ReaperUtils.cpp in Sources */ = {isa = PBXBuildFile; fileRef = 853CB5FA2DB428C100C5A6AF /* ReaperUtils.cpp */; };
		854C52C92586A010008D4F61 /* GrooveProcessor.cpp in Sources */ = {isa = PBXBuildFile; fileRef = 854C52C625869DC5008D4F61 /* GrooveProcessor.cpp */; };
		8554F21C20F40E4000F5FF39 /* OscParser.cpp in Sources */ = {isa = PBXBuildFile; fileRef = 8554F1FB20F40E3B00F5FF39 /* OscParser.cpp */; };
		8554F21D20F40E4000F5FF39 /* stdafx.h in Headers */ = {isa = PBXBuildFile; fileRef = 8554F1FC20F40E3B00F5FF39 /* stdafx.h */; };
		8554F21F20F40E4000F5FF39 /* dllmain.cpp in Sources */ = {isa = PBXBuildFile; fileRef = 8554F1FE20F40E3B00F5FF39 /* dllmain.cpp */; };
		8554F22020F40E4000F5FF39 /* DeviceProcessor.cpp in Sources */ = {isa = PBXBuildFile; fileRef = 8554F1FF20F40E3B00F5FF39 /* DeviceProcessor.cpp */; };
		8554F22120F40E4000F5FF39 /* DataCollector.h in Headers */ = {isa = PBXBuildFile; fileRef = 8554F20020F40E3B00F5FF39 /* DataCollector.h */; };
		8554F22220F40E4000F5FF39 /* ClipProcessor.h in Headers */ = {isa = PBXBuildFile; fileRef = 8554F20120F40E3C00F5FF39 /* ClipProcessor.h */; };
		8554F22420F40E4000F5FF39 /* DataCollector.cpp in Sources */ = {isa = PBXBuildFile; fileRef = 8554F20320F40E3C00F5FF39 /* DataCollector.cpp */; };
		8554F22520F40E4000F5FF39 /* FunctionExecutor.cpp in Sources */ = {isa = PBXBuildFile; fileRef = 8554F20420F40E3C00F5FF39 /* FunctionExecutor.cpp */; };
		8554F22620F40E4000F5FF39 /* TrackProcessor.cpp in Sources */ = {isa = PBXBuildFile; fileRef = 8554F20520F40E3C00F5FF39 /* TrackProcessor.cpp */; };
		8554F22720F40E4000F5FF39 /* TransportProcessor.h in Headers */ = {isa = PBXBuildFile; fileRef = 8554F20620F40E3C00F5FF39 /* TransportProcessor.h */; };
		8554F22820F40E4000F5FF39 /* DrivenByMossSurface.h in Headers */ = {isa = PBXBuildFile; fileRef = 8554F20720F40E3C00F5FF39 /* DrivenByMossSurface.h */; };
		8554F22920F40E4000F5FF39 /* JvmManager.cpp in Sources */ = {isa = PBXBuildFile; fileRef = 8554F20820F40E3C00F5FF39 /* JvmManager.cpp */; };
		8554F22A20F40E4000F5FF39 /* MastertrackProcessor.h in Headers */ = {isa = PBXBuildFile; fileRef = 8554F20920F40E3D00F5FF39 /* MastertrackProcessor.h */; };
		8554F22B20F40E4000F5FF39 /* Model.h in Headers */ = {isa = PBXBuildFile; fileRef = 8554F20A20F40E3D00F5FF39 /* Model.h */; };
		8554F22C20F40E4000F5FF39 /* reaper_plugin_functions.h in Headers */ = {isa = PBXBuildFile; fileRef = 8554F20B20F40E3D00F5FF39 /* reaper_plugin_functions.h */; };
		8554F22D20F40E4000F5FF39 /* FunctionExecutor.h in Headers */ = {isa = PBXBuildFile; fileRef = 8554F20C20F40E3D00F5FF39 /* FunctionExecutor.h */; };
		8554F22F20F40E4000F5FF39 /* TrackProcessor.h in Headers */ = {isa = PBXBuildFile; fileRef = 8554F20E20F40E3D00F5FF39 /* TrackProcessor.h */; };
		8554F23020F40E4000F5FF39 /* DeviceProcessor.h in Headers */ = {isa = PBXBuildFile; fileRef = 8554F20F20F40E3D00F5FF39 /* DeviceProcessor.h */; };
		8554F23120F40E4000F5FF39 /* OscProcessor.h in Headers */ = {isa = PBXBuildFile; fileRef = 8554F21020F40E3E00F5FF39 /* OscProcessor.h */; };
		8554F23220F40E4000F5FF39 /* JvmManager.h in Headers */ = {isa = PBXBuildFile; fileRef = 8554F21120F40E3E00F5FF39 /* JvmManager.h */; };
		8554F23420F40E4000F5FF39 /* Model.cpp in Sources */ = {isa = PBXBuildFile; fileRef = 8554F21320F40E3E00F5FF39 /* Model.cpp */; };
		8554F23620F40E4000F5FF39 /* OscParser.h in Headers */ = {isa = PBXBuildFile; fileRef = 8554F21520F40E3E00F5FF39 /* OscParser.h */; };
		8554F23720F40E4000F5FF39 /* stdafx.cpp in Sources */ = {isa = PBXBuildFile; fileRef = 8554F21620F40E3F00F5FF39 /* stdafx.cpp */; };
		8554F23820F40E4000F5FF39 /* ClipProcessor.cpp in Sources */ = {isa = PBXBuildFile; fileRef = 8554F21720F40E3F00F5FF39 /* ClipProcessor.cpp */; };
		8554F23920F40E4000F5FF39 /* DrivenByMossSurface.cpp in Sources */ = {isa = PBXBuildFile; fileRef = 8554F21820F40E3F00F5FF39 /* DrivenByMossSurface.cpp */; };
		8554F23A20F40E4000F5FF39 /* MastertrackProcessor.cpp in Sources */ = {isa = PBXBuildFile; fileRef = 8554F21920F40E3F00F5FF39 /* MastertrackProcessor.cpp */; };
		8554F23B20F40E4000F5FF39 /* targetver.h in Headers */ = {isa = PBXBuildFile; fileRef = 8554F21A20F40E3F00F5FF39 /* targetver.h */; };
		8554F23C20F40E4000F5FF39 /* reaper_plugin.h in Headers */ = {isa = PBXBuildFile; fileRef = 8554F21B20F40E4000F5FF39 /* reaper_plugin.h */; };
		855CF89620F4B8EB0001F74A /* ReaDebug.cpp in Sources */ = {isa = PBXBuildFile; fileRef = 855CF89420F4B8EA0001F74A /* ReaDebug.cpp */; };
		855CF89720F4B8EB0001F74A /* ReaDebug.h in Headers */ = {isa = PBXBuildFile; fileRef = 855CF89520F4B8EB0001F74A /* ReaDebug.h */; };
		85647DC224BFB2FA00576420 /* ActionProcessor.h in Headers */ = {isa = PBXBuildFile; fileRef = 85647DBF24BFB2FA00576420 /* ActionProcessor.h */; };
		85647DC324BFB2FA00576420 /* CodeAnalysis.h in Headers */ = {isa = PBXBuildFile; fileRef = 85647DC024BFB2FA00576420 /* CodeAnalysis.h */; };
		85647DC424BFB2FA00576420 /* ActionProcessor.cpp in Sources */ = {isa = PBXBuildFile; fileRef = 85647DC124BFB2FA00576420 /* ActionProcessor.cpp */; };
		858F79F321558EA800488951 /* Track.h in Headers */ = {isa = PBXBuildFile; fileRef = 858F79E921558E9800488951 /* Track.h */; };
		858F79F421558EA800488951 /* ReaperUtils.h in Headers */ = {isa = PBXBuildFile; fileRef = 858F79EA21558E9900488951 /* ReaperUtils.h */; };
		858F79F521558EA800488951 /* SceneProcessor.cpp in Sources */ = {isa = PBXBuildFile; fileRef = 858F79EB21558E9A00488951 /* SceneProcessor.cpp */; };
		858F79F621558EA800488951 /* resource.h in Headers */ = {isa = PBXBuildFile; fileRef = 858F79EC21558E9B00488951 /* resource.h */; };
		858F79F721558EA800488951 /* Track.cpp in Sources */ = {isa = PBXBuildFile; fileRef = 858F79ED21558E9C00488951 /* Track.cpp */; };
		858F79F921558EA800488951 /* Parameter.h in Headers */ = {isa = PBXBuildFile; fileRef = 858F79EF21558EA200488951 /* Parameter.h */; };
		858F79FA21558EA800488951 /* Marker.cpp in Sources */ = {isa = PBXBuildFile; fileRef = 858F79F021558EA300488951 /* Marker.cpp */; };
		858F7A0521558EBC00488951 /* de_mossgrabers_reaper_ui_MainFrame.h in Headers */ = {isa = PBXBuildFile; fileRef = 858F79FD21558EB400488951 /* de_mossgrabers_reaper_ui_MainFrame.h */; };
		858F7A0621558EBC00488951 /* Collectors.h in Headers */ = {isa = PBXBuildFile; fileRef = 858F79FE21558EB500488951 /* Collectors.h */; };
		858F7A0721558EBC00488951 /* Marker.h in Headers */ = {isa = PBXBuildFile; fileRef = 858F79FF21558EB600488951 /* Marker.h */; };
		858F7A0A21558EBC00488951 /* StringUtils.h in Headers */ = {isa = PBXBuildFile; fileRef = 858F7A0221558EB900488951 /* StringUtils.h */; };
		858F7A0B21558EBC00488951 /* SceneProcessor.h in Headers */ = {isa = PBXBuildFile; fileRef = 858F7A0321558EBA00488951 /* SceneProcessor.h */; };
		858F7A0C21558EBC00488951 /* Parameter.cpp in Sources */ = {isa = PBXBuildFile; fileRef = 858F7A0421558EBB00488951 /* Parameter.cpp */; };
		85AE263D27D4A6EB00E0711C /* EqDeviceProcessor.cpp in Sources */ = {isa = PBXBuildFile; fileRef = 85AE263A27D4A6EB00E0711C /* EqDeviceProcessor.cpp */; };
		85AE263E27D4A6EB00E0711C /* EqDeviceProcessor.h in Headers */ = {isa = PBXBuildFile; fileRef = 85AE263B27D4A6EB00E0711C /* EqDeviceProcessor.h */; };
		85AE263F27D4A6EB00E0711C /* ProjectProcessor.h in Headers */ = {isa = PBXBuildFile; fileRef = 85AE263C27D4A6EB00E0711C /* ProjectProcessor.h */; };
		85CED11C236E3728006C2036 /* NoteRepeatProcessor.cpp in Sources */ = {isa = PBXBuildFile; fileRef = 85CED11A236E3728006C2036 /* NoteRepeatProcessor.cpp */; };
		85CED11D236E3728006C2036 /* NoteRepeatProcessor.h in Headers */ = {isa = PBXBuildFile; fileRef = 85CED11B236E3728006C2036 /* NoteRepeatProcessor.h */; };
		85DC73EF2422BBCB006F7BCD /* WrapperGSL.h in Headers */ = {isa = PBXBuildFile; fileRef = 85DC73E42422BBCA006F7BCD /* WrapperGSL.h */; };
		85DC73F02422BBCB006F7BCD /* jniwrapper.h in Headers */ = {isa = PBXBuildFile; fileRef = 85DC73E52422BBCA006F7BCD /* jniwrapper.h */; };
		85DC73F12422BBCB006F7BCD /* StringUtils.cpp in Sources */ = {isa = PBXBuildFile; fileRef = 85DC73E62422BBCA006F7BCD /* StringUtils.cpp */; };
		85DC73F22422BBCB006F7BCD /* IniFileProcessor.cpp in Sources */ = {isa = PBXBuildFile; fileRef = 85DC73E72422BBCA006F7BCD /* IniFileProcessor.cpp */; };
		85DC73F32422BBCB006F7BCD /* WrapperJNI.h in Headers */ = {isa = PBXBuildFile; fileRef = 85DC73E82422BBCA006F7BCD /* WrapperJNI.h */; };
		85DC73F42422BBCB006F7BCD /* afxres.h in Headers */ = {isa = PBXBuildFile; fileRef = 85DC73E92422BBCA006F7BCD /* afxres.h */; };
		85DC73F52422BBCB006F7BCD /* de_mossgrabers_reaper_MainApp.h in Headers */ = {isa = PBXBuildFile; fileRef = 85DC73EA2422BBCA006F7BCD /* de_mossgrabers_reaper_MainApp.h */; };
		85DC73F62422BBCB006F7BCD /* ModdedCodecvt.h in Headers */ = {isa = PBXBuildFile; fileRef = 85DC73EB2422BBCA006F7BCD /* ModdedCodecvt.h */; };
		85DC73F72422BBCB006F7BCD /* IniFileProcessor.h in Headers */ = {isa = PBXBuildFile; fileRef = 85DC73EC2422BBCB006F7BCD /* IniFileProcessor.h */; };
		85DC73F82422BBCB006F7BCD /* dllmain.h in Headers */ = {isa = PBXBuildFile; fileRef = 85DC73ED2422BBCB006F7BCD /* dllmain.h */; };
		85DC73F92422BBCB006F7BCD /* WrapperReaperFunctions.h in Headers */ = {isa = PBXBuildFile; fileRef = 85DC73EE2422BBCB006F7BCD /* WrapperReaperFunctions.h */; };
		85E7B72222F2052900F0B037 /* Send.cpp in Sources */ = {isa = PBXBuildFile; fileRef = 85E7B72022F2052900F0B037 /* Send.cpp */; };
		85E7B72322F2052900F0B037 /* Send.h in Headers */ = {isa = PBXBuildFile; fileRef = 85E7B72122F2052900F0B037 /* Send.h */; };
		85EB801D2700F35000FD31E7 /* ProjectProcessor.cpp in Sources */ = {isa = PBXBuildFile; fileRef = 85EB801C2700F35000FD31E7 /* ProjectProcessor.cpp */; };
		85FB5BDF212F42DB00639003 /* Cocoa.framework in Frameworks */ = {isa = PBXBuildFile; fileRef = 85FB5BDE212F42DA00639003 /* Cocoa.framework */; };
/* End PBXBuildFile section */

/* Begin PBXFileReference section */
		850C4C47212017370059A6B0 /* MarkerProcessor.cpp */ = {isa = PBXFileReference; fileEncoding = 4; lastKnownFileType = sourcecode.cpp.cpp; name = MarkerProcessor.cpp; path = ../reaper_drivenbymoss/MarkerProcessor.cpp; sourceTree = "<group>"; };
		850C4C48212017380059A6B0 /* MarkerProcessor.h */ = {isa = PBXFileReference; fileEncoding = 4; lastKnownFileType = sourcecode.c.h; name = MarkerProcessor.h; path = ../reaper_drivenbymoss/MarkerProcessor.h; sourceTree = "<group>"; };
		8535241A212F470000706C88 /* swell-modstub.mm */ = {isa = PBXFileReference; fileEncoding = 4; lastKnownFileType = sourcecode.cpp.objcpp; name = "swell-modstub.mm"; path = "../libraries/WDL/swell/swell-modstub.mm"; sourceTree = "<group>"; };
		853CB5FA2DB428C100C5A6AF /* ReaperUtils.cpp */ = {isa = PBXFileReference; lastKnownFileType = sourcecode.cpp.cpp; path = ReaperUtils.cpp; sourceTree = "<group>"; };
		854C52C525869DC5008D4F61 /* GrooveProcessor.h */ = {isa = PBXFileReference; lastKnownFileType = sourcecode.c.h; name = GrooveProcessor.h; path = ../reaper_drivenbymoss/GrooveProcessor.h; sourceTree = "<group>"; };
		854C52C625869DC5008D4F61 /* GrooveProcessor.cpp */ = {isa = PBXFileReference; lastKnownFileType = sourcecode.cpp.cpp; name = GrooveProcessor.cpp; path = ../reaper_drivenbymoss/GrooveProcessor.cpp; sourceTree = "<group>"; };
		8554F1FB20F40E3B00F5FF39 /* OscParser.cpp */ = {isa = PBXFileReference; fileEncoding = 4; lastKnownFileType = sourcecode.cpp.cpp; name = OscParser.cpp; path = ../reaper_drivenbymoss/OscParser.cpp; sourceTree = "<group>"; };
		8554F1FC20F40E3B00F5FF39 /* stdafx.h */ = {isa = PBXFileReference; fileEncoding = 4; lastKnownFileType = sourcecode.c.h; name = stdafx.h; path = ../reaper_drivenbymoss/stdafx.h; sourceTree = "<group>"; };
		8554F1FE20F40E3B00F5FF39 /* dllmain.cpp */ = {isa = PBXFileReference; fileEncoding = 4; lastKnownFileType = sourcecode.cpp.cpp; name = dllmain.cpp; path = ../reaper_drivenbymoss/dllmain.cpp; sourceTree = "<group>"; };
		8554F1FF20F40E3B00F5FF39 /* DeviceProcessor.cpp */ = {isa = PBXFileReference; fileEncoding = 4; lastKnownFileType = sourcecode.cpp.cpp; name = DeviceProcessor.cpp; path = ../reaper_drivenbymoss/DeviceProcessor.cpp; sourceTree = "<group>"; };
		8554F20020F40E3B00F5FF39 /* DataCollector.h */ = {isa = PBXFileReference; fileEncoding = 4; lastKnownFileType = sourcecode.c.h; name = DataCollector.h; path = ../reaper_drivenbymoss/DataCollector.h; sourceTree = "<group>"; };
		8554F20120F40E3C00F5FF39 /* ClipProcessor.h */ = {isa = PBXFileReference; fileEncoding = 4; lastKnownFileType = sourcecode.c.h; name = ClipProcessor.h; path = ../reaper_drivenbymoss/ClipProcessor.h; sourceTree = "<group>"; };
		8554F20320F40E3C00F5FF39 /* DataCollector.cpp */ = {isa = PBXFileReference; fileEncoding = 4; lastKnownFileType = sourcecode.cpp.cpp; name = DataCollector.cpp; path = ../reaper_drivenbymoss/DataCollector.cpp; sourceTree = "<group>"; };
		8554F20420F40E3C00F5FF39 /* FunctionExecutor.cpp */ = {isa = PBXFileReference; fileEncoding = 4; lastKnownFileType = sourcecode.cpp.cpp; name = FunctionExecutor.cpp; path = ../reaper_drivenbymoss/FunctionExecutor.cpp; sourceTree = "<group>"; };
		8554F20520F40E3C00F5FF39 /* TrackProcessor.cpp */ = {isa = PBXFileReference; fileEncoding = 4; lastKnownFileType = sourcecode.cpp.cpp; name = TrackProcessor.cpp; path = ../reaper_drivenbymoss/TrackProcessor.cpp; sourceTree = "<group>"; };
		8554F20620F40E3C00F5FF39 /* TransportProcessor.h */ = {isa = PBXFileReference; fileEncoding = 4; lastKnownFileType = sourcecode.c.h; name = TransportProcessor.h; path = ../reaper_drivenbymoss/TransportProcessor.h; sourceTree = "<group>"; };
		8554F20720F40E3C00F5FF39 /* DrivenByMossSurface.h */ = {isa = PBXFileReference; fileEncoding = 4; lastKnownFileType = sourcecode.c.h; name = DrivenByMossSurface.h; path = ../reaper_drivenbymoss/DrivenByMossSurface.h; sourceTree = "<group>"; };
		8554F20820F40E3C00F5FF39 /* JvmManager.cpp */ = {isa = PBXFileReference; fileEncoding = 4; lastKnownFileType = sourcecode.cpp.cpp; name = JvmManager.cpp; path = ../reaper_drivenbymoss/JvmManager.cpp; sourceTree = "<group>"; };
		8554F20920F40E3D00F5FF39 /* MastertrackProcessor.h */ = {isa = PBXFileReference; fileEncoding = 4; lastKnownFileType = sourcecode.c.h; name = MastertrackProcessor.h; path = ../reaper_drivenbymoss/MastertrackProcessor.h; sourceTree = "<group>"; };
		8554F20A20F40E3D00F5FF39 /* Model.h */ = {isa = PBXFileReference; fileEncoding = 4; lastKnownFileType = sourcecode.c.h; name = Model.h; path = ../reaper_drivenbymoss/Model.h; sourceTree = "<group>"; };
		8554F20B20F40E3D00F5FF39 /* reaper_plugin_functions.h */ = {isa = PBXFileReference; fileEncoding = 4; lastKnownFileType = sourcecode.c.h; name = reaper_plugin_functions.h; path = ../reaper_drivenbymoss/reaper_plugin_functions.h; sourceTree = "<group>"; };
		8554F20C20F40E3D00F5FF39 /* FunctionExecutor.h */ = {isa = PBXFileReference; fileEncoding = 4; lastKnownFileType = sourcecode.c.h; name = FunctionExecutor.h; path = ../reaper_drivenbymoss/FunctionExecutor.h; sourceTree = "<group>"; };
		8554F20E20F40E3D00F5FF39 /* TrackProcessor.h */ = {isa = PBXFileReference; fileEncoding = 4; lastKnownFileType = sourcecode.c.h; name = TrackProcessor.h; path = ../reaper_drivenbymoss/TrackProcessor.h; sourceTree = "<group>"; };
		8554F20F20F40E3D00F5FF39 /* DeviceProcessor.h */ = {isa = PBXFileReference; fileEncoding = 4; lastKnownFileType = sourcecode.c.h; name = DeviceProcessor.h; path = ../reaper_drivenbymoss/DeviceProcessor.h; sourceTree = "<group>"; };
		8554F21020F40E3E00F5FF39 /* OscProcessor.h */ = {isa = PBXFileReference; fileEncoding = 4; lastKnownFileType = sourcecode.c.h; name = OscProcessor.h; path = ../reaper_drivenbymoss/OscProcessor.h; sourceTree = "<group>"; };
		8554F21120F40E3E00F5FF39 /* JvmManager.h */ = {isa = PBXFileReference; fileEncoding = 4; lastKnownFileType = sourcecode.c.h; name = JvmManager.h; path = ../reaper_drivenbymoss/JvmManager.h; sourceTree = "<group>"; };
		8554F21320F40E3E00F5FF39 /* Model.cpp */ = {isa = PBXFileReference; fileEncoding = 4; lastKnownFileType = sourcecode.cpp.cpp; name = Model.cpp; path = ../reaper_drivenbymoss/Model.cpp; sourceTree = "<group>"; };
		8554F21520F40E3E00F5FF39 /* OscParser.h */ = {isa = PBXFileReference; fileEncoding = 4; lastKnownFileType = sourcecode.c.h; name = OscParser.h; path = ../reaper_drivenbymoss/OscParser.h; sourceTree = "<group>"; };
		8554F21620F40E3F00F5FF39 /* stdafx.cpp */ = {isa = PBXFileReference; fileEncoding = 4; lastKnownFileType = sourcecode.cpp.cpp; name = stdafx.cpp; path = ../reaper_drivenbymoss/stdafx.cpp; sourceTree = "<group>"; };
		8554F21720F40E3F00F5FF39 /* ClipProcessor.cpp */ = {isa = PBXFileReference; fileEncoding = 4; lastKnownFileType = sourcecode.cpp.cpp; name = ClipProcessor.cpp; path = ../reaper_drivenbymoss/ClipProcessor.cpp; sourceTree = "<group>"; };
		8554F21820F40E3F00F5FF39 /* DrivenByMossSurface.cpp */ = {isa = PBXFileReference; fileEncoding = 4; lastKnownFileType = sourcecode.cpp.cpp; name = DrivenByMossSurface.cpp; path = ../reaper_drivenbymoss/DrivenByMossSurface.cpp; sourceTree = "<group>"; };
		8554F21920F40E3F00F5FF39 /* MastertrackProcessor.cpp */ = {isa = PBXFileReference; fileEncoding = 4; lastKnownFileType = sourcecode.cpp.cpp; name = MastertrackProcessor.cpp; path = ../reaper_drivenbymoss/MastertrackProcessor.cpp; sourceTree = "<group>"; };
		8554F21A20F40E3F00F5FF39 /* targetver.h */ = {isa = PBXFileReference; fileEncoding = 4; lastKnownFileType = sourcecode.c.h; name = targetver.h; path = ../reaper_drivenbymoss/targetver.h; sourceTree = "<group>"; };
		8554F21B20F40E4000F5FF39 /* reaper_plugin.h */ = {isa = PBXFileReference; fileEncoding = 4; lastKnownFileType = sourcecode.c.h; name = reaper_plugin.h; path = ../reaper_drivenbymoss/reaper_plugin.h; sourceTree = "<group>"; };
		855CF89420F4B8EA0001F74A /* ReaDebug.cpp */ = {isa = PBXFileReference; fileEncoding = 4; lastKnownFileType = sourcecode.cpp.cpp; name = ReaDebug.cpp; path = ../reaper_drivenbymoss/ReaDebug.cpp; sourceTree = "<group>"; };
		855CF89520F4B8EB0001F74A /* ReaDebug.h */ = {isa = PBXFileReference; fileEncoding = 4; lastKnownFileType = sourcecode.c.h; name = ReaDebug.h; path = ../reaper_drivenbymoss/ReaDebug.h; sourceTree = "<group>"; };
		85647DBF24BFB2FA00576420 /* ActionProcessor.h */ = {isa = PBXFileReference; fileEncoding = 4; lastKnownFileType = sourcecode.c.h; name = ActionProcessor.h; path = ../reaper_drivenbymoss/ActionProcessor.h; sourceTree = "<group>"; };
		85647DC024BFB2FA00576420 /* CodeAnalysis.h */ = {isa = PBXFileReference; fileEncoding = 4; lastKnownFileType = sourcecode.c.h; name = CodeAnalysis.h; path = ../reaper_drivenbymoss/CodeAnalysis.h; sourceTree = "<group>"; };
		85647DC124BFB2FA00576420 /* ActionProcessor.cpp */ = {isa = PBXFileReference; fileEncoding = 4; lastKnownFileType = sourcecode.cpp.cpp; name = ActionProcessor.cpp; path = ../reaper_drivenbymoss/ActionProcessor.cpp; sourceTree = "<group>"; };
		85823BC220F40CD000E4CC57 /* reaper_drivenbymoss.dylib */ = {isa = PBXFileReference; explicitFileType = "compiled.mach-o.dylib"; includeInIndex = 0; path = reaper_drivenbymoss.dylib; sourceTree = BUILT_PRODUCTS_DIR; };
		858F79E921558E9800488951 /* Track.h */ = {isa = PBXFileReference; fileEncoding = 4; lastKnownFileType = sourcecode.c.h; name = Track.h; path = ../reaper_drivenbymoss/Track.h; sourceTree = "<group>"; };
		858F79EA21558E9900488951 /* ReaperUtils.h */ = {isa = PBXFileReference; fileEncoding = 4; lastKnownFileType = sourcecode.c.h; name = ReaperUtils.h; path = ../reaper_drivenbymoss/ReaperUtils.h; sourceTree = "<group>"; };
		858F79EB21558E9A00488951 /* SceneProcessor.cpp */ = {isa = PBXFileReference; fileEncoding = 4; lastKnownFileType = sourcecode.cpp.cpp; name = SceneProcessor.cpp; path = ../reaper_drivenbymoss/SceneProcessor.cpp; sourceTree = "<group>"; };
		858F79EC21558E9B00488951 /* resource.h */ = {isa = PBXFileReference; fileEncoding = 4; lastKnownFileType = sourcecode.c.h; name = resource.h; path = ../reaper_drivenbymoss/resource.h; sourceTree = "<group>"; };
		858F79ED21558E9C00488951 /* Track.cpp */ = {isa = PBXFileReference; fileEncoding = 4; lastKnownFileType = sourcecode.cpp.cpp; name = Track.cpp; path = ../reaper_drivenbymoss/Track.cpp; sourceTree = "<group>"; };
		858F79EE21558EA100488951 /* StringUtils.h */ = {isa = PBXFileReference; fileEncoding = 4; lastKnownFileType = sourcecode.c.h; name = StringUtils.h; path = ../reaper_drivenbymoss/StringUtils.h; sourceTree = "<group>"; };
		858F79EF21558EA200488951 /* Parameter.h */ = {isa = PBXFileReference; fileEncoding = 4; lastKnownFileType = sourcecode.c.h; name = Parameter.h; path = ../reaper_drivenbymoss/Parameter.h; sourceTree = "<group>"; };
		858F79F021558EA300488951 /* Marker.cpp */ = {isa = PBXFileReference; fileEncoding = 4; lastKnownFileType = sourcecode.cpp.cpp; name = Marker.cpp; path = ../reaper_drivenbymoss/Marker.cpp; sourceTree = "<group>"; };
		858F79F121558EA400488951 /* SceneProcessor.h */ = {isa = PBXFileReference; fileEncoding = 4; lastKnownFileType = sourcecode.c.h; name = SceneProcessor.h; path = ../reaper_drivenbymoss/SceneProcessor.h; sourceTree = "<group>"; };
		858F79FD21558EB400488951 /* de_mossgrabers_reaper_ui_MainFrame.h */ = {isa = PBXFileReference; fileEncoding = 4; lastKnownFileType = sourcecode.c.h; name = de_mossgrabers_reaper_ui_MainFrame.h; path = ../reaper_drivenbymoss/de_mossgrabers_reaper_ui_MainFrame.h; sourceTree = "<group>"; };
		858F79FE21558EB500488951 /* Collectors.h */ = {isa = PBXFileReference; fileEncoding = 4; lastKnownFileType = sourcecode.c.h; name = Collectors.h; path = ../reaper_drivenbymoss/Collectors.h; sourceTree = "<group>"; };
		858F79FF21558EB600488951 /* Marker.h */ = {isa = PBXFileReference; fileEncoding = 4; lastKnownFileType = sourcecode.c.h; name = Marker.h; path = ../reaper_drivenbymoss/Marker.h; sourceTree = "<group>"; };
		858F7A0221558EB900488951 /* StringUtils.h */ = {isa = PBXFileReference; fileEncoding = 4; lastKnownFileType = sourcecode.c.h; name = StringUtils.h; path = ../reaper_drivenbymoss/StringUtils.h; sourceTree = "<group>"; };
		858F7A0321558EBA00488951 /* SceneProcessor.h */ = {isa = PBXFileReference; fileEncoding = 4; lastKnownFileType = sourcecode.c.h; name = SceneProcessor.h; path = ../reaper_drivenbymoss/SceneProcessor.h; sourceTree = "<group>"; };
		858F7A0421558EBB00488951 /* Parameter.cpp */ = {isa = PBXFileReference; fileEncoding = 4; lastKnownFileType = sourcecode.cpp.cpp; name = Parameter.cpp; path = ../reaper_drivenbymoss/Parameter.cpp; sourceTree = "<group>"; };
		85AE263A27D4A6EB00E0711C /* EqDeviceProcessor.cpp */ = {isa = PBXFileReference; fileEncoding = 4; lastKnownFileType = sourcecode.cpp.cpp; name = EqDeviceProcessor.cpp; path = ../reaper_drivenbymoss/EqDeviceProcessor.cpp; sourceTree = "<group>"; };
		85AE263B27D4A6EB00E0711C /* EqDeviceProcessor.h */ = {isa = PBXFileReference; fileEncoding = 4; lastKnownFileType = sourcecode.c.h; name = EqDeviceProcessor.h; path = ../reaper_drivenbymoss/EqDeviceProcessor.h; sourceTree = "<group>"; };
		85AE263C27D4A6EB00E0711C /* ProjectProcessor.h */ = {isa = PBXFileReference; fileEncoding = 4; lastKnownFileType = sourcecode.c.h; name = ProjectProcessor.h; path = ../reaper_drivenbymoss/ProjectProcessor.h; sourceTree = "<group>"; };
		85CED11A236E3728006C2036 /* NoteRepeatProcessor.cpp */ = {isa = PBXFileReference; fileEncoding = 4; lastKnownFileType = sourcecode.cpp.cpp; name = NoteRepeatProcessor.cpp; path = ../reaper_drivenbymoss/NoteRepeatProcessor.cpp; sourceTree = "<group>"; };
		85CED11B236E3728006C2036 /* NoteRepeatProcessor.h */ = {isa = PBXFileReference; fileEncoding = 4; lastKnownFileType = sourcecode.c.h; name = NoteRepeatProcessor.h; path = ../reaper_drivenbymoss/NoteRepeatProcessor.h; sourceTree = "<group>"; };
		85DC73E42422BBCA006F7BCD /* WrapperGSL.h */ = {isa = PBXFileReference; fileEncoding = 4; lastKnownFileType = sourcecode.c.h; name = WrapperGSL.h; path = ../reaper_drivenbymoss/WrapperGSL.h; sourceTree = "<group>"; };
		85DC73E52422BBCA006F7BCD /* jniwrapper.h */ = {isa = PBXFileReference; fileEncoding = 4; lastKnownFileType = sourcecode.c.h; name = jniwrapper.h; path = ../reaper_drivenbymoss/jniwrapper.h; sourceTree = "<group>"; };
		85DC73E62422BBCA006F7BCD /* StringUtils.cpp */ = {isa = PBXFileReference; fileEncoding = 4; lastKnownFileType = sourcecode.cpp.cpp; name = StringUtils.cpp; path = ../reaper_drivenbymoss/StringUtils.cpp; sourceTree = "<group>"; };
		85DC73E72422BBCA006F7BCD /* IniFileProcessor.cpp */ = {isa = PBXFileReference; fileEncoding = 4; lastKnownFileType = sourcecode.cpp.cpp; name = IniFileProcessor.cpp; path = ../reaper_drivenbymoss/IniFileProcessor.cpp; sourceTree = "<group>"; };
		85DC73E82422BBCA006F7BCD /* WrapperJNI.h */ = {isa = PBXFileReference; fileEncoding = 4; lastKnownFileType = sourcecode.c.h; name = WrapperJNI.h; path = ../reaper_drivenbymoss/WrapperJNI.h; sourceTree = "<group>"; };
		85DC73E92422BBCA006F7BCD /* afxres.h */ = {isa = PBXFileReference; fileEncoding = 4; lastKnownFileType = sourcecode.c.h; name = afxres.h; path = ../reaper_drivenbymoss/afxres.h; sourceTree = "<group>"; };
		85DC73EA2422BBCA006F7BCD /* de_mossgrabers_reaper_MainApp.h */ = {isa = PBXFileReference; fileEncoding = 4; lastKnownFileType = sourcecode.c.h; name = de_mossgrabers_reaper_MainApp.h; path = ../reaper_drivenbymoss/de_mossgrabers_reaper_MainApp.h; sourceTree = "<group>"; };
		85DC73EB2422BBCA006F7BCD /* ModdedCodecvt.h */ = {isa = PBXFileReference; fileEncoding = 4; lastKnownFileType = sourcecode.c.h; name = ModdedCodecvt.h; path = ../reaper_drivenbymoss/ModdedCodecvt.h; sourceTree = "<group>"; };
		85DC73EC2422BBCB006F7BCD /* IniFileProcessor.h */ = {isa = PBXFileReference; fileEncoding = 4; lastKnownFileType = sourcecode.c.h; name = IniFileProcessor.h; path = ../reaper_drivenbymoss/IniFileProcessor.h; sourceTree = "<group>"; };
		85DC73ED2422BBCB006F7BCD /* dllmain.h */ = {isa = PBXFileReference; fileEncoding = 4; lastKnownFileType = sourcecode.c.h; name = dllmain.h; path = ../reaper_drivenbymoss/dllmain.h; sourceTree = "<group>"; };
		85DC73EE2422BBCB006F7BCD /* WrapperReaperFunctions.h */ = {isa = PBXFileReference; fileEncoding = 4; lastKnownFileType = sourcecode.c.h; name = WrapperReaperFunctions.h; path = ../reaper_drivenbymoss/WrapperReaperFunctions.h; sourceTree = "<group>"; };
		85E1A7A420F4FB0000D38CC1 /* Library */ = {isa = PBXFileReference; lastKnownFileType = folder; name = Library; path = ../../../../../../Library; sourceTree = "<group>"; };
		85E1A7A920F4FD0600D38CC1 /* JavaVM */ = {isa = PBXFileReference; lastKnownFileType = "compiled.mach-o.dylib"; name = JavaVM; path = ../../../../../../System/Library/Frameworks/JavaVM.framework/Versions/A/JavaVM; sourceTree = "<group>"; };
		85E7B72022F2052900F0B037 /* Send.cpp */ = {isa = PBXFileReference; fileEncoding = 4; lastKnownFileType = sourcecode.cpp.cpp; name = Send.cpp; path = ../reaper_drivenbymoss/Send.cpp; sourceTree = "<group>"; };
		85E7B72122F2052900F0B037 /* Send.h */ = {isa = PBXFileReference; fileEncoding = 4; lastKnownFileType = sourcecode.c.h; name = Send.h; path = ../reaper_drivenbymoss/Send.h; sourceTree = "<group>"; };
		85EB801C2700F35000FD31E7 /* ProjectProcessor.cpp */ = {isa = PBXFileReference; lastKnownFileType = sourcecode.cpp.cpp; name = ProjectProcessor.cpp; path = ../reaper_drivenbymoss/ProjectProcessor.cpp; sourceTree = "<group>"; };
		85FB5BDE212F42DA00639003 /* Cocoa.framework */ = {isa = PBXFileReference; lastKnownFileType = wrapper.framework; name = Cocoa.framework; path = System/Library/Frameworks/Cocoa.framework; sourceTree = SDKROOT; };
/* End PBXFileReference section */

/* Begin PBXFrameworksBuildPhase section */
		85823BBF20F40CD000E4CC57 /* Frameworks */ = {
			isa = PBXFrameworksBuildPhase;
			buildActionMask = 2147483647;
			files = (
				85FB5BDF212F42DB00639003 /* Cocoa.framework in Frameworks */,
			);
			runOnlyForDeploymentPostprocessing = 0;
		};
/* End PBXFrameworksBuildPhase section */

/* Begin PBXGroup section */
		8529D3DF23DC60000053BB6C /* Recovered References */ = {
			isa = PBXGroup;
			children = (
				858F7A0221558EB900488951 /* StringUtils.h */,
			);
			name = "Recovered References";
			sourceTree = "<group>";
		};
		85823BB920F40CCF00E4CC57 = {
			isa = PBXGroup;
			children = (
				853CB5FA2DB428C100C5A6AF /* ReaperUtils.cpp */,
				85AE263A27D4A6EB00E0711C /* EqDeviceProcessor.cpp */,
				85AE263B27D4A6EB00E0711C /* EqDeviceProcessor.h */,
				85AE263C27D4A6EB00E0711C /* ProjectProcessor.h */,
				85647DC124BFB2FA00576420 /* ActionProcessor.cpp */,
				8554F21720F40E3F00F5FF39 /* ClipProcessor.cpp */,
				8554F20320F40E3C00F5FF39 /* DataCollector.cpp */,
				8554F1FF20F40E3B00F5FF39 /* DeviceProcessor.cpp */,
				8554F1FE20F40E3B00F5FF39 /* dllmain.cpp */,
				8554F21820F40E3F00F5FF39 /* DrivenByMossSurface.cpp */,
				8554F20420F40E3C00F5FF39 /* FunctionExecutor.cpp */,
				854C52C625869DC5008D4F61 /* GrooveProcessor.cpp */,
				85DC73E72422BBCA006F7BCD /* IniFileProcessor.cpp */,
				8554F20820F40E3C00F5FF39 /* JvmManager.cpp */,
				858F79F021558EA300488951 /* Marker.cpp */,
				850C4C47212017370059A6B0 /* MarkerProcessor.cpp */,
				8554F21920F40E3F00F5FF39 /* MastertrackProcessor.cpp */,
				8554F21320F40E3E00F5FF39 /* Model.cpp */,
				85CED11A236E3728006C2036 /* NoteRepeatProcessor.cpp */,
				8554F1FB20F40E3B00F5FF39 /* OscParser.cpp */,
				858F7A0421558EBB00488951 /* Parameter.cpp */,
				85EB801C2700F35000FD31E7 /* ProjectProcessor.cpp */,
				855CF89420F4B8EA0001F74A /* ReaDebug.cpp */,
				858F79EB21558E9A00488951 /* SceneProcessor.cpp */,
				85E7B72022F2052900F0B037 /* Send.cpp */,
				8554F21620F40E3F00F5FF39 /* stdafx.cpp */,
				85DC73E62422BBCA006F7BCD /* StringUtils.cpp */,
				858F79ED21558E9C00488951 /* Track.cpp */,
				8554F20520F40E3C00F5FF39 /* TrackProcessor.cpp */,
				85647DBF24BFB2FA00576420 /* ActionProcessor.h */,
				85DC73E92422BBCA006F7BCD /* afxres.h */,
				8554F20120F40E3C00F5FF39 /* ClipProcessor.h */,
				85647DC024BFB2FA00576420 /* CodeAnalysis.h */,
				858F79FE21558EB500488951 /* Collectors.h */,
				8554F20020F40E3B00F5FF39 /* DataCollector.h */,
				85DC73EA2422BBCA006F7BCD /* de_mossgrabers_reaper_MainApp.h */,
				858F79FD21558EB400488951 /* de_mossgrabers_reaper_ui_MainFrame.h */,
				8554F20F20F40E3D00F5FF39 /* DeviceProcessor.h */,
				85DC73ED2422BBCB006F7BCD /* dllmain.h */,
				8554F20720F40E3C00F5FF39 /* DrivenByMossSurface.h */,
				8554F20C20F40E3D00F5FF39 /* FunctionExecutor.h */,
				854C52C525869DC5008D4F61 /* GrooveProcessor.h */,
				85DC73EC2422BBCB006F7BCD /* IniFileProcessor.h */,
				85DC73E52422BBCA006F7BCD /* jniwrapper.h */,
				8554F21120F40E3E00F5FF39 /* JvmManager.h */,
				858F79FF21558EB600488951 /* Marker.h */,
				850C4C48212017380059A6B0 /* MarkerProcessor.h */,
				8554F20920F40E3D00F5FF39 /* MastertrackProcessor.h */,
				85DC73EB2422BBCA006F7BCD /* ModdedCodecvt.h */,
				8554F20A20F40E3D00F5FF39 /* Model.h */,
				85CED11B236E3728006C2036 /* NoteRepeatProcessor.h */,
				8554F21520F40E3E00F5FF39 /* OscParser.h */,
				8554F21020F40E3E00F5FF39 /* OscProcessor.h */,
				858F79EF21558EA200488951 /* Parameter.h */,
				855CF89520F4B8EB0001F74A /* ReaDebug.h */,
				8554F20B20F40E3D00F5FF39 /* reaper_plugin_functions.h */,
				8554F21B20F40E4000F5FF39 /* reaper_plugin.h */,
				858F79EA21558E9900488951 /* ReaperUtils.h */,
				858F79EC21558E9B00488951 /* resource.h */,
				858F7A0321558EBA00488951 /* SceneProcessor.h */,
				85E7B72122F2052900F0B037 /* Send.h */,
				8554F1FC20F40E3B00F5FF39 /* stdafx.h */,
				858F79EE21558EA100488951 /* StringUtils.h */,
				8554F21A20F40E3F00F5FF39 /* targetver.h */,
				858F79E921558E9800488951 /* Track.h */,
				8554F20E20F40E3D00F5FF39 /* TrackProcessor.h */,
				8554F20620F40E3C00F5FF39 /* TransportProcessor.h */,
				85DC73E42422BBCA006F7BCD /* WrapperGSL.h */,
				85DC73E82422BBCA006F7BCD /* WrapperJNI.h */,
				85DC73EE2422BBCB006F7BCD /* WrapperReaperFunctions.h */,
				8535241A212F470000706C88 /* swell-modstub.mm */,
				85E1A7A320F4FB0000D38CC1 /* Frameworks */,
				85823BC320F40CD000E4CC57 /* Products */,
				8529D3DF23DC60000053BB6C /* Recovered References */,
				858F79F121558EA400488951 /* SceneProcessor.h */,
			);
			sourceTree = "<group>";
		};
		85823BC320F40CD000E4CC57 /* Products */ = {
			isa = PBXGroup;
			children = (
				85823BC220F40CD000E4CC57 /* reaper_drivenbymoss.dylib */,
			);
			name = Products;
			sourceTree = "<group>";
		};
		85E1A7A320F4FB0000D38CC1 /* Frameworks */ = {
			isa = PBXGroup;
			children = (
				85FB5BDE212F42DA00639003 /* Cocoa.framework */,
				85E1A7A920F4FD0600D38CC1 /* JavaVM */,
				85E1A7A420F4FB0000D38CC1 /* Library */,
			);
			name = Frameworks;
			sourceTree = "<group>";
		};
/* End PBXGroup section */

/* Begin PBXHeadersBuildPhase section */
		85823BC020F40CD000E4CC57 /* Headers */ = {
			isa = PBXHeadersBuildPhase;
			buildActionMask = 2147483647;
			files = (
				85DC73F72422BBCB006F7BCD /* IniFileProcessor.h in Headers */,
				8554F23220F40E4000F5FF39 /* JvmManager.h in Headers */,
				858F7A0A21558EBC00488951 /* StringUtils.h in Headers */,
				850C4C4A2120173A0059A6B0 /* MarkerProcessor.h in Headers */,
				8554F23620F40E4000F5FF39 /* OscParser.h in Headers */,
				85DC73F62422BBCB006F7BCD /* ModdedCodecvt.h in Headers */,
				85DC73F32422BBCB006F7BCD /* WrapperJNI.h in Headers */,
				85AE263F27D4A6EB00E0711C /* ProjectProcessor.h in Headers */,
				8554F21D20F40E4000F5FF39 /* stdafx.h in Headers */,
				85647DC224BFB2FA00576420 /* ActionProcessor.h in Headers */,
				858F7A0B21558EBC00488951 /* SceneProcessor.h in Headers */,
				858F7A0521558EBC00488951 /* de_mossgrabers_reaper_ui_MainFrame.h in Headers */,
				85647DC324BFB2FA00576420 /* CodeAnalysis.h in Headers */,
				858F7A0621558EBC00488951 /* Collectors.h in Headers */,
				855CF89720F4B8EB0001F74A /* ReaDebug.h in Headers */,
				8554F22A20F40E4000F5FF39 /* MastertrackProcessor.h in Headers */,
				85E7B72322F2052900F0B037 /* Send.h in Headers */,
				858F79F421558EA800488951 /* ReaperUtils.h in Headers */,
				8554F22220F40E4000F5FF39 /* ClipProcessor.h in Headers */,
				8554F22D20F40E4000F5FF39 /* FunctionExecutor.h in Headers */,
				8554F22720F40E4000F5FF39 /* TransportProcessor.h in Headers */,
				85DC73F42422BBCB006F7BCD /* afxres.h in Headers */,
				85DC73F92422BBCB006F7BCD /* WrapperReaperFunctions.h in Headers */,
				85AE263E27D4A6EB00E0711C /* EqDeviceProcessor.h in Headers */,
				8554F23C20F40E4000F5FF39 /* reaper_plugin.h in Headers */,
				85DC73F52422BBCB006F7BCD /* de_mossgrabers_reaper_MainApp.h in Headers */,
				8554F23020F40E4000F5FF39 /* DeviceProcessor.h in Headers */,
				858F79F621558EA800488951 /* resource.h in Headers */,
				858F7A0721558EBC00488951 /* Marker.h in Headers */,
				8554F23B20F40E4000F5FF39 /* targetver.h in Headers */,
				8554F22F20F40E4000F5FF39 /* TrackProcessor.h in Headers */,
				85DC73F82422BBCB006F7BCD /* dllmain.h in Headers */,
				8554F22C20F40E4000F5FF39 /* reaper_plugin_functions.h in Headers */,
				858F79F921558EA800488951 /* Parameter.h in Headers */,
				8554F22120F40E4000F5FF39 /* DataCollector.h in Headers */,
				8554F22B20F40E4000F5FF39 /* Model.h in Headers */,
				85CED11D236E3728006C2036 /* NoteRepeatProcessor.h in Headers */,
				85DC73F02422BBCB006F7BCD /* jniwrapper.h in Headers */,
				8554F22820F40E4000F5FF39 /* DrivenByMossSurface.h in Headers */,
				85DC73EF2422BBCB006F7BCD /* WrapperGSL.h in Headers */,
				858F79F321558EA800488951 /* Track.h in Headers */,
				8554F23120F40E4000F5FF39 /* OscProcessor.h in Headers */,
			);
			runOnlyForDeploymentPostprocessing = 0;
		};
/* End PBXHeadersBuildPhase section */

/* Begin PBXNativeTarget section */
		85823BC120F40CD000E4CC57 /* reaper_drivenbymoss */ = {
			isa = PBXNativeTarget;
			buildConfigurationList = 85823BC620F40CD000E4CC57 /* Build configuration list for PBXNativeTarget "reaper_drivenbymoss" */;
			buildPhases = (
				85823BBE20F40CD000E4CC57 /* Sources */,
				85823BBF20F40CD000E4CC57 /* Frameworks */,
				85823BC020F40CD000E4CC57 /* Headers */,
			);
			buildRules = (
			);
			dependencies = (
			);
			name = reaper_drivenbymoss;
			productName = "DrivenByMoss4Reaper-Backend";
			productReference = 85823BC220F40CD000E4CC57 /* reaper_drivenbymoss.dylib */;
			productType = "com.apple.product-type.library.dynamic";
		};
/* End PBXNativeTarget section */

/* Begin PBXProject section */
		85823BBA20F40CCF00E4CC57 /* Project object */ = {
			isa = PBXProject;
			attributes = {
				BuildIndependentTargetsInParallel = YES;
				LastUpgradeCheck = 2700;
				ORGANIZATIONNAME = "Jürgen Moßgraber";
				TargetAttributes = {
					85823BC120F40CD000E4CC57 = {
						CreatedOnToolsVersion = 9.4;
					};
				};
			};
			buildConfigurationList = 85823BBD20F40CCF00E4CC57 /* Build configuration list for PBXProject "DrivenByMoss4Reaper-Backend" */;
			compatibilityVersion = "Xcode 9.3";
			developmentRegion = en;
			hasScannedForEncodings = 0;
			knownRegions = (
				en,
				Base,
			);
			mainGroup = 85823BB920F40CCF00E4CC57;
			productRefGroup = 85823BC320F40CD000E4CC57 /* Products */;
			projectDirPath = "";
			projectRoot = "";
			targets = (
				85823BC120F40CD000E4CC57 /* reaper_drivenbymoss */,
			);
		};
/* End PBXProject section */

/* Begin PBXSourcesBuildPhase section */
		85823BBE20F40CD000E4CC57 /* Sources */ = {
			isa = PBXSourcesBuildPhase;
			buildActionMask = 2147483647;
			files = (
				85EB801D2700F35000FD31E7 /* ProjectProcessor.cpp in Sources */,
				854C52C92586A010008D4F61 /* GrooveProcessor.cpp in Sources */,
				858F79FA21558EA800488951 /* Marker.cpp in Sources */,
				855CF89620F4B8EB0001F74A /* ReaDebug.cpp in Sources */,
				8554F23420F40E4000F5FF39 /* Model.cpp in Sources */,
				8554F22620F40E4000F5FF39 /* TrackProcessor.cpp in Sources */,
				8554F23A20F40E4000F5FF39 /* MastertrackProcessor.cpp in Sources */,
				8554F21C20F40E4000F5FF39 /* OscParser.cpp in Sources */,
				853CB5FB2DB428C800C5A6AF /* ReaperUtils.cpp in Sources */,
				85AE263D27D4A6EB00E0711C /* EqDeviceProcessor.cpp in Sources */,
				858F79F521558EA800488951 /* SceneProcessor.cpp in Sources */,
				850C4C492120173A0059A6B0 /* MarkerProcessor.cpp in Sources */,
				8554F22420F40E4000F5FF39 /* DataCollector.cpp in Sources */,
				8554F22020F40E4000F5FF39 /* DeviceProcessor.cpp in Sources */,
				85DC73F12422BBCB006F7BCD /* StringUtils.cpp in Sources */,
				8554F22520F40E4000F5FF39 /* FunctionExecutor.cpp in Sources */,
				85DC73F22422BBCB006F7BCD /* IniFileProcessor.cpp in Sources */,
				8554F21F20F40E4000F5FF39 /* dllmain.cpp in Sources */,
				85CED11C236E3728006C2036 /* NoteRepeatProcessor.cpp in Sources */,
				8554F23720F40E4000F5FF39 /* stdafx.cpp in Sources */,
				8554F22920F40E4000F5FF39 /* JvmManager.cpp in Sources */,
				8554F23820F40E4000F5FF39 /* ClipProcessor.cpp in Sources */,
				85647DC424BFB2FA00576420 /* ActionProcessor.cpp in Sources */,
				8535241B212F470100706C88 /* swell-modstub.mm in Sources */,
				858F79F721558EA800488951 /* Track.cpp in Sources */,
				8554F23920F40E4000F5FF39 /* DrivenByMossSurface.cpp in Sources */,
				858F7A0C21558EBC00488951 /* Parameter.cpp in Sources */,
				85E7B72222F2052900F0B037 /* Send.cpp in Sources */,
			);
			runOnlyForDeploymentPostprocessing = 0;
		};
/* End PBXSourcesBuildPhase section */

/* Begin XCBuildConfiguration section */
		85823BC420F40CD000E4CC57 /* Debug */ = {
			isa = XCBuildConfiguration;
			buildSettings = {
				ALWAYS_SEARCH_USER_PATHS = NO;
				ASSETCATALOG_COMPILER_GENERATE_SWIFT_ASSET_SYMBOL_EXTENSIONS = YES;
				CLANG_ANALYZER_NONNULL = YES;
				CLANG_ANALYZER_NUMBER_OBJECT_CONVERSION = YES_AGGRESSIVE;
				CLANG_CXX_LANGUAGE_STANDARD = "c++14";
				CLANG_CXX_LIBRARY = "compiler-default";
				CLANG_ENABLE_MODULES = YES;
				CLANG_ENABLE_OBJC_ARC = YES;
				CLANG_ENABLE_OBJC_WEAK = YES;
				CLANG_WARN_BLOCK_CAPTURE_AUTORELEASING = YES;
				CLANG_WARN_BOOL_CONVERSION = YES;
				CLANG_WARN_COMMA = YES;
				CLANG_WARN_CONSTANT_CONVERSION = YES;
				CLANG_WARN_DEPRECATED_OBJC_IMPLEMENTATIONS = YES;
				CLANG_WARN_DIRECT_OBJC_ISA_USAGE = YES_ERROR;
				CLANG_WARN_DOCUMENTATION_COMMENTS = YES;
				CLANG_WARN_EMPTY_BODY = YES;
				CLANG_WARN_ENUM_CONVERSION = YES;
				CLANG_WARN_INFINITE_RECURSION = YES;
				CLANG_WARN_INT_CONVERSION = YES;
				CLANG_WARN_NON_LITERAL_NULL_CONVERSION = YES;
				CLANG_WARN_OBJC_IMPLICIT_RETAIN_SELF = YES;
				CLANG_WARN_OBJC_LITERAL_CONVERSION = YES;
				CLANG_WARN_OBJC_ROOT_CLASS = YES_ERROR;
				CLANG_WARN_QUOTED_INCLUDE_IN_FRAMEWORK_HEADER = YES;
				CLANG_WARN_RANGE_LOOP_ANALYSIS = YES;
				CLANG_WARN_STRICT_PROTOTYPES = YES;
				CLANG_WARN_SUSPICIOUS_MOVE = YES;
				CLANG_WARN_UNGUARDED_AVAILABILITY = YES_AGGRESSIVE;
				CLANG_WARN_UNREACHABLE_CODE = YES;
				CLANG_WARN__DUPLICATE_METHOD_MATCH = YES;
				CODE_SIGN_IDENTITY = "-";
				COPY_PHASE_STRIP = NO;
				DEAD_CODE_STRIPPING = YES;
				DEBUG_INFORMATION_FORMAT = dwarf;
				ENABLE_STRICT_OBJC_MSGSEND = NO;
				ENABLE_TESTABILITY = YES;
				ENABLE_USER_SCRIPT_SANDBOXING = YES;
				GCC_C_LANGUAGE_STANDARD = gnu11;
				GCC_DYNAMIC_NO_PIC = NO;
				GCC_NO_COMMON_BLOCKS = YES;
				GCC_OPTIMIZATION_LEVEL = 0;
				GCC_PREPROCESSOR_DEFINITIONS = (
					"DEBUG=1",
					"$(inherited)",
				);
				GCC_WARN_64_TO_32_BIT_CONVERSION = YES;
				GCC_WARN_ABOUT_RETURN_TYPE = YES_ERROR;
				GCC_WARN_UNDECLARED_SELECTOR = YES;
				GCC_WARN_UNINITIALIZED_AUTOS = YES_AGGRESSIVE;
				GCC_WARN_UNUSED_FUNCTION = YES;
				GCC_WARN_UNUSED_VARIABLE = YES;
				MACOSX_DEPLOYMENT_TARGET = 10.12;
				MTL_ENABLE_DEBUG_INFO = YES;
				ONLY_ACTIVE_ARCH = YES;
				SDKROOT = macosx;
				STRING_CATALOG_GENERATE_SYMBOLS = YES;
			};
			name = Debug;
		};
		85823BC520F40CD000E4CC57 /* Release */ = {
			isa = XCBuildConfiguration;
			buildSettings = {
				ALWAYS_SEARCH_USER_PATHS = NO;
				ASSETCATALOG_COMPILER_GENERATE_SWIFT_ASSET_SYMBOL_EXTENSIONS = YES;
				CLANG_ANALYZER_NONNULL = YES;
				CLANG_ANALYZER_NUMBER_OBJECT_CONVERSION = YES_AGGRESSIVE;
				CLANG_CXX_LANGUAGE_STANDARD = "c++14";
				CLANG_CXX_LIBRARY = "compiler-default";
				CLANG_ENABLE_MODULES = YES;
				CLANG_ENABLE_OBJC_ARC = YES;
				CLANG_ENABLE_OBJC_WEAK = YES;
				CLANG_WARN_BLOCK_CAPTURE_AUTORELEASING = YES;
				CLANG_WARN_BOOL_CONVERSION = YES;
				CLANG_WARN_COMMA = YES;
				CLANG_WARN_CONSTANT_CONVERSION = YES;
				CLANG_WARN_DEPRECATED_OBJC_IMPLEMENTATIONS = YES;
				CLANG_WARN_DIRECT_OBJC_ISA_USAGE = YES_ERROR;
				CLANG_WARN_DOCUMENTATION_COMMENTS = YES;
				CLANG_WARN_EMPTY_BODY = YES;
				CLANG_WARN_ENUM_CONVERSION = YES;
				CLANG_WARN_INFINITE_RECURSION = YES;
				CLANG_WARN_INT_CONVERSION = YES;
				CLANG_WARN_NON_LITERAL_NULL_CONVERSION = YES;
				CLANG_WARN_OBJC_IMPLICIT_RETAIN_SELF = YES;
				CLANG_WARN_OBJC_LITERAL_CONVERSION = YES;
				CLANG_WARN_OBJC_ROOT_CLASS = YES_ERROR;
				CLANG_WARN_QUOTED_INCLUDE_IN_FRAMEWORK_HEADER = YES;
				CLANG_WARN_RANGE_LOOP_ANALYSIS = YES;
				CLANG_WARN_STRICT_PROTOTYPES = YES;
				CLANG_WARN_SUSPICIOUS_MOVE = YES;
				CLANG_WARN_UNGUARDED_AVAILABILITY = YES_AGGRESSIVE;
				CLANG_WARN_UNREACHABLE_CODE = YES;
				CLANG_WARN__DUPLICATE_METHOD_MATCH = YES;
				CODE_SIGN_IDENTITY = "-";
				COPY_PHASE_STRIP = NO;
				DEAD_CODE_STRIPPING = YES;
				DEBUG_INFORMATION_FORMAT = "dwarf-with-dsym";
				ENABLE_NS_ASSERTIONS = NO;
				ENABLE_STRICT_OBJC_MSGSEND = NO;
				ENABLE_USER_SCRIPT_SANDBOXING = YES;
				GCC_C_LANGUAGE_STANDARD = gnu11;
				GCC_NO_COMMON_BLOCKS = YES;
				GCC_WARN_64_TO_32_BIT_CONVERSION = YES;
				GCC_WARN_ABOUT_RETURN_TYPE = YES_ERROR;
				GCC_WARN_UNDECLARED_SELECTOR = YES;
				GCC_WARN_UNINITIALIZED_AUTOS = YES_AGGRESSIVE;
				GCC_WARN_UNUSED_FUNCTION = YES;
				GCC_WARN_UNUSED_VARIABLE = YES;
				MACOSX_DEPLOYMENT_TARGET = 10.12;
				MTL_ENABLE_DEBUG_INFO = NO;
				ONLY_ACTIVE_ARCH = NO;
				SDKROOT = macosx;
				STRING_CATALOG_GENERATE_SYMBOLS = YES;
			};
			name = Release;
		};
		85823BC720F40CD000E4CC57 /* Debug */ = {
			isa = XCBuildConfiguration;
			buildSettings = {
				CLANG_CXX_LANGUAGE_STANDARD = "gnu++14";
				CODE_SIGN_STYLE = Automatic;
				DEAD_CODE_STRIPPING = YES;
				DEPLOYMENT_LOCATION = YES;
				DSTROOT = "~/Library/Application Support/REAPER/UserPlugins";
				DYLIB_COMPATIBILITY_VERSION = 1;
				DYLIB_CURRENT_VERSION = 1;
				EXECUTABLE_PREFIX = "";
				GCC_PREPROCESSOR_DEFINITIONS = (
					"_DEBUG=1",
					"$(inherited)",
					SWELL_PROVIDED_BY_APP,
				);
				HEADER_SEARCH_PATHS = (
					"/Users/mos/Documents/Development/DrivenByMoss/DrivenByMoss4Reaper-Backend/libraries/WDL/**",
					"/Library/Java/JavaVirtualMachines/temurin-24.jdk/Contents/Home/include/**",
					"/Users/mos/Documents/Development/DrivenByMoss/DrivenByMoss4Reaper-Backend/libraries/GSL",
				);
				INSTALL_PATH = /;
				LD_DYLIB_INSTALL_NAME = reaper_drivenbymoss.dylib;
				LIBRARY_SEARCH_PATHS = "";
				MACOSX_DEPLOYMENT_TARGET = "$(RECOMMENDED_MACOSX_DEPLOYMENT_TARGET)";
				PRODUCT_NAME = "$(TARGET_NAME)";
				SKIP_INSTALL = NO;
			};
			name = Debug;
		};
		85823BC820F40CD000E4CC57 /* Release */ = {
			isa = XCBuildConfiguration;
			buildSettings = {
				CLANG_CXX_LANGUAGE_STANDARD = "gnu++14";
				CODE_SIGN_STYLE = Automatic;
				DEAD_CODE_STRIPPING = YES;
				DEPLOYMENT_LOCATION = YES;
				DSTROOT = "~/Library/Application Support/REAPER/UserPlugins";
				DYLIB_COMPATIBILITY_VERSION = 1;
				DYLIB_CURRENT_VERSION = 1;
				EXECUTABLE_PREFIX = "";
				GCC_PREPROCESSOR_DEFINITIONS = SWELL_PROVIDED_BY_APP;
				HEADER_SEARCH_PATHS = (
					"/Users/mos/Documents/Development/DrivenByMoss/DrivenByMoss4Reaper-Backend/libraries/WDL/**",
					"/Library/Java/JavaVirtualMachines/temurin-24.jdk/Contents/Home/include/**",
					"/Users/mos/Documents/Development/DrivenByMoss/DrivenByMoss4Reaper-Backend/libraries/GSL",
				);
				INSTALL_PATH = /;
				LD_DYLIB_INSTALL_NAME = reaper_drivenbymoss.dylib;
				LIBRARY_SEARCH_PATHS = "";
				MACOSX_DEPLOYMENT_TARGET = "$(RECOMMENDED_MACOSX_DEPLOYMENT_TARGET)";
				PRODUCT_NAME = "$(TARGET_NAME)";
				SKIP_INSTALL = NO;
			};
			name = Release;
		};
/* End XCBuildConfiguration section */

/* Begin XCConfigurationList section */
		85823BBD20F40CCF00E4CC57 /* Build configuration list for PBXProject "DrivenByMoss4Reaper-Backend" */ = {
			isa = XCConfigurationList;
			buildConfigurations = (
				85823BC420F40CD000E4CC57 /* Debug */,
				85823BC520F40CD000E4CC57 /* Release */,
			);
			defaultConfigurationIsVisible = 0;
			defaultConfigurationName = Release;
		};
		85823BC620F40CD000E4CC57 /* Build configuration list for PBXNativeTarget "reaper_drivenbymoss" */ = {
			isa = XCConfigurationList;
			buildConfigurations = (
				85823BC720F40CD000E4CC57 /* Debug */,
				85823BC820F40CD000E4CC57 /* Release */,
			);
			defaultConfigurationIsVisible = 0;
			defaultConfigurationName = Release;
		};
/* End XCConfigurationList section */
	};
	rootObject = 85823BBA20F40CCF00E4CC57 /* Project object */;
}
