
Microsoft Visual Studio Solution File, Format Version 12.00
# Visual Studio Version 16
VisualStudioVersion = 16.0.29905.134
MinimumVisualStudioVersion = 10.0.40219.1
Project("{8BC9CEB8-8B4A-11D0-8D11-00A0C91BC942}") = "reaper_drivenbymoss", "reaper_drivenbymoss.vcxproj", "{66BF532D-08EE-4B58-A93F-3AD630309774}"
EndProject
Global
	GlobalSection(SolutionConfigurationPlatforms) = preSolution
		Debug|x64 = Debug|x64
		Release|x64 = Release|x64
	EndGlobalSection
	GlobalSection(ProjectConfigurationPlatforms) = postSolution
		{66BF532D-08EE-4B58-A93F-3AD630309774}.Debug|x64.ActiveCfg = Debug|x64
		{66BF532D-08EE-4B58-A93F-3AD630309774}.Debug|x64.Build.0 = Debug|x64
		{66BF532D-08EE-4B58-A93F-3AD630309774}.Release|x64.ActiveCfg = Release|x64
		{66BF532D-08EE-4B58-A93F-3AD630309774}.Release|x64.Build.0 = Release|x64
	EndGlobalSection
	GlobalSection(SolutionProperties) = preSolution
		HideSolutionNode = FALSE
	EndGlobalSection
	GlobalSection(ExtensibilityGlobals) = postSolution
		SolutionGuid = {F249CFE1-433D-4097-B366-A64C7EB9368C}
	EndGlobalSection
EndGlobal
