<?xml version="1.0" encoding="utf-8"?>
<Project ToolsVersion="4.0" xmlns="http://schemas.microsoft.com/developer/msbuild/2003">
  <ItemGroup>
    <Filter Include="Source Files">
      <UniqueIdentifier>{4FC737F1-C7A5-4376-A066-2A32D752A2FF}</UniqueIdentifier>
      <Extensions>cpp;c;cc;cxx;def;odl;idl;hpj;bat;asm;asmx</Extensions>
    </Filter>
    <Filter Include="Header Files">
      <UniqueIdentifier>{93995380-89BD-4b04-88EB-625FBE52EBFB}</UniqueIdentifier>
      <Extensions>h;hh;hpp;hxx;hm;inl;inc;xsd</Extensions>
    </Filter>
    <Filter Include="Resource Files">
      <UniqueIdentifier>{67DA6AB6-F800-4c08-8B7A-83BB121AAD01}</UniqueIdentifier>
      <Extensions>rc;ico;cur;bmp;dlg;rc2;rct;bin;rgs;gif;jpg;jpeg;jpe;resx;tiff;tif;png;wav;mfcribbon-ms</Extensions>
    </Filter>
  </ItemGroup>
  <ItemGroup>
    <ClCompile Include="..\reaper_drivenbymoss\ClipProcessor.cpp">
      <Filter>Source Files</Filter>
    </ClCompile>
    <ClCompile Include="..\reaper_drivenbymoss\DataCollector.cpp">
      <Filter>Source Files</Filter>
    </ClCompile>
    <ClCompile Include="..\reaper_drivenbymoss\DeviceProcessor.cpp">
      <Filter>Source Files</Filter>
    </ClCompile>
    <ClCompile Include="..\reaper_drivenbymoss\dllmain.cpp">
      <Filter>Source Files</Filter>
    </ClCompile>
    <ClCompile Include="..\reaper_drivenbymoss\DrivenByMossSurface.cpp">
      <Filter>Source Files</Filter>
    </ClCompile>
    <ClCompile Include="..\reaper_drivenbymoss\FunctionExecutor.cpp">
      <Filter>Source Files</Filter>
    </ClCompile>
    <ClCompile Include="..\reaper_drivenbymoss\JvmManager.cpp">
      <Filter>Source Files</Filter>
    </ClCompile>
    <ClCompile Include="..\reaper_drivenbymoss\MastertrackProcessor.cpp">
      <Filter>Source Files</Filter>
    </ClCompile>
    <ClCompile Include="..\reaper_drivenbymoss\Model.cpp">
      <Filter>Source Files</Filter>
    </ClCompile>
    <ClCompile Include="..\reaper_drivenbymoss\OscParser.cpp">
      <Filter>Source Files</Filter>
    </ClCompile>
    <ClCompile Include="..\reaper_drivenbymoss\stdafx.cpp">
      <Filter>Source Files</Filter>
    </ClCompile>
    <ClCompile Include="..\reaper_drivenbymoss\TrackProcessor.cpp">
      <Filter>Source Files</Filter>
    </ClCompile>
    <ClCompile Include="..\reaper_drivenbymoss\ReaDebug.cpp">
      <Filter>Source Files</Filter>
    </ClCompile>
    <ClCompile Include="..\reaper_drivenbymoss\MarkerProcessor.cpp">
      <Filter>Source Files</Filter>
    </ClCompile>
    <ClCompile Include="..\reaper_drivenbymoss\Track.cpp">
      <Filter>Source Files</Filter>
    </ClCompile>
    <ClCompile Include="..\reaper_drivenbymoss\Marker.cpp">
      <Filter>Source Files</Filter>
    </ClCompile>
    <ClCompile Include="..\reaper_drivenbymoss\Parameter.cpp">
      <Filter>Source Files</Filter>
    </ClCompile>
    <ClCompile Include="..\reaper_drivenbymoss\SceneProcessor.cpp">
      <Filter>Source Files</Filter>
    </ClCompile>
    <ClCompile Include="..\reaper_drivenbymoss\StringUtils.cpp">
      <Filter>Source Files</Filter>
    </ClCompile>
    <ClCompile Include="..\reaper_drivenbymoss\Send.cpp">
      <Filter>Source Files</Filter>
    </ClCompile>
    <ClCompile Include="..\reaper_drivenbymoss\NoteRepeatProcessor.cpp">
      <Filter>Source Files</Filter>
    </ClCompile>
    <ClCompile Include="..\reaper_drivenbymoss\IniFileProcessor.cpp">
      <Filter>Source Files</Filter>
    </ClCompile>
    <ClCompile Include="..\reaper_drivenbymoss\ActionProcessor.cpp">
      <Filter>Source Files</Filter>
    </ClCompile>
    <ClCompile Include="..\reaper_drivenbymoss\GrooveProcessor.cpp">
      <Filter>Source Files</Filter>
    </ClCompile>
    <ClCompile Include="..\reaper_drivenbymoss\ProjectProcessor.cpp">
      <Filter>Source Files</Filter>
    </ClCompile>
    <ClCompile Include="..\reaper_drivenbymoss\EqDeviceProcessor.cpp">
      <Filter>Source Files</Filter>
    </ClCompile>
    <ClCompile Include="..\reaper_drivenbymoss\ReaperUtils.cpp">
      <Filter>Source Files</Filter>
    </ClCompile>
  </ItemGroup>
  <ItemGroup>
    <ClInclude Include="..\reaper_drivenbymoss\ClipProcessor.h">
      <Filter>Header Files</Filter>
    </ClInclude>
    <ClInclude Include="..\reaper_drivenbymoss\DataCollector.h">
      <Filter>Header Files</Filter>
    </ClInclude>
    <ClInclude Include="..\reaper_drivenbymoss\DeviceProcessor.h">
      <Filter>Header Files</Filter>
    </ClInclude>
    <ClInclude Include="..\reaper_drivenbymoss\DrivenByMossSurface.h">
      <Filter>Header Files</Filter>
    </ClInclude>
    <ClInclude Include="..\reaper_drivenbymoss\FunctionExecutor.h">
      <Filter>Header Files</Filter>
    </ClInclude>
    <ClInclude Include="..\reaper_drivenbymoss\JvmManager.h">
      <Filter>Header Files</Filter>
    </ClInclude>
    <ClInclude Include="..\reaper_drivenbymoss\MastertrackProcessor.h">
      <Filter>Header Files</Filter>
    </ClInclude>
    <ClInclude Include="..\reaper_drivenbymoss\Model.h">
      <Filter>Header Files</Filter>
    </ClInclude>
    <ClInclude Include="..\reaper_drivenbymoss\OscParser.h">
      <Filter>Header Files</Filter>
    </ClInclude>
    <ClInclude Include="..\reaper_drivenbymoss\OscProcessor.h">
      <Filter>Header Files</Filter>
    </ClInclude>
    <ClInclude Include="..\reaper_drivenbymoss\reaper_plugin.h">
      <Filter>Header Files</Filter>
    </ClInclude>
    <ClInclude Include="..\reaper_drivenbymoss\reaper_plugin_functions.h">
      <Filter>Header Files</Filter>
    </ClInclude>
    <ClInclude Include="..\reaper_drivenbymoss\stdafx.h">
      <Filter>Header Files</Filter>
    </ClInclude>
    <ClInclude Include="..\reaper_drivenbymoss\targetver.h">
      <Filter>Header Files</Filter>
    </ClInclude>
    <ClInclude Include="..\reaper_drivenbymoss\TrackProcessor.h">
      <Filter>Header Files</Filter>
    </ClInclude>
    <ClInclude Include="..\reaper_drivenbymoss\TransportProcessor.h">
      <Filter>Header Files</Filter>
    </ClInclude>
    <ClInclude Include="..\reaper_drivenbymoss\ReaDebug.h">
      <Filter>Header Files</Filter>
    </ClInclude>
    <ClInclude Include="..\reaper_drivenbymoss\MarkerProcessor.h">
      <Filter>Header Files</Filter>
    </ClInclude>
    <ClInclude Include="..\reaper_drivenbymoss\resource.h">
      <Filter>Header Files</Filter>
    </ClInclude>
    <ClInclude Include="..\reaper_drivenbymoss\afxres.h">
      <Filter>Header Files</Filter>
    </ClInclude>
    <ClInclude Include="..\reaper_drivenbymoss\Collectors.h">
      <Filter>Header Files</Filter>
    </ClInclude>
    <ClInclude Include="..\reaper_drivenbymoss\Track.h">
      <Filter>Header Files</Filter>
    </ClInclude>
    <ClInclude Include="..\reaper_drivenbymoss\ReaperUtils.h">
      <Filter>Header Files</Filter>
    </ClInclude>
    <ClInclude Include="..\reaper_drivenbymoss\Marker.h">
      <Filter>Header Files</Filter>
    </ClInclude>
    <ClInclude Include="..\reaper_drivenbymoss\Parameter.h">
      <Filter>Header Files</Filter>
    </ClInclude>
    <ClInclude Include="..\reaper_drivenbymoss\SceneProcessor.h">
      <Filter>Header Files</Filter>
    </ClInclude>
    <ClInclude Include="..\reaper_drivenbymoss\StringUtils.h">
      <Filter>Header Files</Filter>
    </ClInclude>
    <ClInclude Include="..\reaper_drivenbymoss\Send.h">
      <Filter>Header Files</Filter>
    </ClInclude>
    <ClInclude Include="..\reaper_drivenbymoss\de_mossgrabers_reaper_MainApp.h">
      <Filter>Header Files</Filter>
    </ClInclude>
    <ClInclude Include="..\reaper_drivenbymoss\NoteRepeatProcessor.h">
      <Filter>Header Files</Filter>
    </ClInclude>
    <ClInclude Include="..\reaper_drivenbymoss\IniFileProcessor.h">
      <Filter>Header Files</Filter>
    </ClInclude>
    <ClInclude Include="..\reaper_drivenbymoss\dllmain.h">
      <Filter>Header Files</Filter>
    </ClInclude>
    <ClInclude Include="..\reaper_drivenbymoss\WrapperJNI.h">
      <Filter>Header Files</Filter>
    </ClInclude>
    <ClInclude Include="..\reaper_drivenbymoss\WrapperReaperFunctions.h">
      <Filter>Header Files</Filter>
    </ClInclude>
    <ClInclude Include="..\reaper_drivenbymoss\WrapperGSL.h">
      <Filter>Header Files</Filter>
    </ClInclude>
    <ClInclude Include="..\reaper_drivenbymoss\CodeAnalysis.h">
      <Filter>Header Files</Filter>
    </ClInclude>
    <ClInclude Include="..\reaper_drivenbymoss\ActionProcessor.h">
      <Filter>Header Files</Filter>
    </ClInclude>
    <ClInclude Include="..\reaper_drivenbymoss\GrooveProcessor.h">
      <Filter>Header Files</Filter>
    </ClInclude>
    <ClInclude Include="..\reaper_drivenbymoss\ProjectProcessor.h">
      <Filter>Header Files</Filter>
    </ClInclude>
    <ClInclude Include="..\reaper_drivenbymoss\EqDeviceProcessor.h">
      <Filter>Header Files</Filter>
    </ClInclude>
    <ClInclude Include="..\reaper_drivenbymoss\ReaderWriterQueue.h">
      <Filter>Header Files</Filter>
    </ClInclude>
    <ClInclude Include="..\reaper_drivenbymoss\atomicops.h">
      <Filter>Header Files</Filter>
    </ClInclude>
    <ClInclude Include="..\reaper_drivenbymoss\MidiMessages.h">
      <Filter>Header Files</Filter>
    </ClInclude>
    <ClInclude Include="..\reaper_drivenbymoss\LocalMidiEventDispatcher.h">
      <Filter>Header Files</Filter>
    </ClInclude>
    <ClInclude Include="..\reaper_drivenbymoss\MidiProcessingStructures.h">
      <Filter>Header Files</Filter>
    </ClInclude>
  </ItemGroup>
  <ItemGroup>
    <ResourceCompile Include="..\reaper_drivenbymoss\res.rc">
      <Filter>Resource Files</Filter>
    </ResourceCompile>
  </ItemGroup>
</Project>